
Microsoft Visual Studio Solution File, Format Version 12.00
# Visual Studio 14
VisualStudioVersion = 14.0.23107.0
MinimumVisualStudioVersion = 10.0.40219.1
Project("{FAE04EC0-301F-11D3-BF4B-00C04F79EFBC}") = "MvcApp", "MvcApp\MvcApp.csproj", "{F8C71824-875A-4875-BDA2-947EC4A6E117}"
EndProject
Project("{FAE04EC0-301F-11D3-BF4B-00C04F79EFBC}") = "MvcApp.Tests", "MvcApp.Tests\MvcApp.Tests.csproj", "{FDDC4989-4CE4-4B0F-A097-9D597644ED2C}"
EndProject
Project("{FAE04EC0-301F-11D3-BF4B-00C04F79EFBC}") = "Repository", "Repository\Repository.csproj", "{5E49BEDB-97ED-467E-B3F3-22717CDDAD31}"
EndProject
Global
	GlobalSection(SolutionConfigurationPlatforms) = preSolution
		Debug|Any CPU = Debug|Any CPU
		Release|Any CPU = Release|Any CPU
	EndGlobalSection
	GlobalSection(ProjectConfigurationPlatforms) = postSolution
		{F8C71824-875A-4875-BDA2-947EC4A6E117}.Debug|Any CPU.ActiveCfg = Debug|Any CPU
		{F8C71824-875A-4875-BDA2-947EC4A6E117}.Debug|Any CPU.Build.0 = Debug|Any CPU
		{F8C71824-875A-4875-BDA2-947EC4A6E117}.Release|Any CPU.ActiveCfg = Release|Any CPU
		{F8C71824-875A-4875-BDA2-947EC4A6E117}.Release|Any CPU.Build.0 = Release|Any CPU
		{FDDC4989-4CE4-4B0F-A097-9D597644ED2C}.Debug|Any CPU.ActiveCfg = Debug|Any CPU
		{FDDC4989-4CE4-4B0F-A097-9D597644ED2C}.Debug|Any CPU.Build.0 = Debug|Any CPU
		{FDDC4989-4CE4-4B0F-A097-9D597644ED2C}.Release|Any CPU.ActiveCfg = Release|Any CPU
		{FDDC4989-4CE4-4B0F-A097-9D597644ED2C}.Release|Any CPU.Build.0 = Release|Any CPU
		{5E49BEDB-97ED-467E-B3F3-22717CDDAD31}.Debug|Any CPU.ActiveCfg = Debug|Any CPU
		{5E49BEDB-97ED-467E-B3F3-22717CDDAD31}.Debug|Any CPU.Build.0 = Debug|Any CPU
		{5E49BEDB-97ED-467E-B3F3-22717CDDAD31}.Release|Any CPU.ActiveCfg = Release|Any CPU
		{5E49BEDB-97ED-467E-B3F3-22717CDDAD31}.Release|Any CPU.Build.0 = Release|Any CPU
	EndGlobalSection
	GlobalSection(SolutionProperties) = preSolution
		HideSolutionNode = FALSE
	EndGlobalSection
	GlobalSection(TeamFoundationVersionControl) = preSolution
		SccNumberOfProjects = 4
		SccEnterpriseProvider = {4CA58AB2-18FA-4F8D-95D4-32DDF27D184C}
		SccTeamFoundationServer = https://akeel.visualstudio.com/defaultcollection
		SccLocalPath0 = .
		SccProjectUniqueName1 = MvcApp.Tests\\MvcApp.Tests.csproj
		SccProjectName1 = MvcApp.Tests
		SccLocalPath1 = MvcApp.Tests
		SccProjectUniqueName2 = MvcApp\\MvcApp.csproj
		SccProjectName2 = MvcApp
		SccLocalPath2 = MvcApp
		SccProjectUniqueName3 = Repository\\Repository.csproj
		SccProjectName3 = Repository
		SccLocalPath3 = Repository
	EndGlobalSection
EndGlobal
